
Microsoft Visual Studio Solution File, Format Version 12.00
# Visual Studio 14
VisualStudioVersion = 14.0.25420.1
MinimumVisualStudioVersion = 10.0.40219.1
Project("{2150E333-8FDC-42A3-9474-1A3956D46DE8}") = "Engine", "Engine", "{6C4FA795-8B0B-478B-BFD1-7B31413179FC}"
EndProject
Project("{2150E333-8FDC-42A3-9474-1A3956D46DE8}") = "Games", "Games", "{F41FE103-0891-41C1-8FEA-EF41C54D3DB4}"
EndProject
Project("{8BC9CEB8-8B4A-11D0-8D11-00A0C91BC942}") = "UE4", "Intermediate\ProjectFiles\UE4.vcxproj", "{8FECB42C-1611-49E5-8FA2-1F39017F3324}"
EndProject
Project("{8BC9CEB8-8B4A-11D0-8D11-00A0C91BC942}") = "BuildingEscape", "Intermediate\ProjectFiles\BuildingEscape.vcxproj", "{F8B921A5-8541-4332-80E8-E5C9DD5EB61C}"
EndProject
Global
	GlobalSection(SolutionConfigurationPlatforms) = preSolution
		DebugGame Editor|HTML5 = DebugGame Editor|HTML5
		DebugGame Editor|Win32 = DebugGame Editor|Win32
		DebugGame Editor|Win64 = DebugGame Editor|Win64
		DebugGame|HTML5 = DebugGame|HTML5
		DebugGame|Win32 = DebugGame|Win32
		DebugGame|Win64 = DebugGame|Win64
		Development Editor|HTML5 = Development Editor|HTML5
		Development Editor|Win32 = Development Editor|Win32
		Development Editor|Win64 = Development Editor|Win64
		Development|HTML5 = Development|HTML5
		Development|Win32 = Development|Win32
		Development|Win64 = Development|Win64
		Shipping|HTML5 = Shipping|HTML5
		Shipping|Win32 = Shipping|Win32
		Shipping|Win64 = Shipping|Win64
	EndGlobalSection
	GlobalSection(ProjectConfigurationPlatforms) = postSolution
		{8FECB42C-1611-49E5-8FA2-1F39017F3324}.DebugGame Editor|HTML5.ActiveCfg = BuiltWithUnrealBuildTool|Win32
		{8FECB42C-1611-49E5-8FA2-1F39017F3324}.DebugGame Editor|HTML5.Build.0 = BuiltWithUnrealBuildTool|Win32
		{8FECB42C-1611-49E5-8FA2-1F39017F3324}.DebugGame Editor|Win32.ActiveCfg = BuiltWithUnrealBuildTool|Win32
		{8FECB42C-1611-49E5-8FA2-1F39017F3324}.DebugGame Editor|Win32.Build.0 = BuiltWithUnrealBuildTool|Win32
		{8FECB42C-1611-49E5-8FA2-1F39017F3324}.DebugGame Editor|Win64.ActiveCfg = BuiltWithUnrealBuildTool|Win32
		{8FECB42C-1611-49E5-8FA2-1F39017F3324}.DebugGame Editor|Win64.Build.0 = BuiltWithUnrealBuildTool|Win32
		{8FECB42C-1611-49E5-8FA2-1F39017F3324}.DebugGame|HTML5.ActiveCfg = BuiltWithUnrealBuildTool|Win32
		{8FECB42C-1611-49E5-8FA2-1F39017F3324}.DebugGame|HTML5.Build.0 = BuiltWithUnrealBuildTool|Win32
		{8FECB42C-1611-49E5-8FA2-1F39017F3324}.DebugGame|Win32.ActiveCfg = BuiltWithUnrealBuildTool|Win32
		{8FECB42C-1611-49E5-8FA2-1F39017F3324}.DebugGame|Win32.Build.0 = BuiltWithUnrealBuildTool|Win32
		{8FECB42C-1611-49E5-8FA2-1F39017F3324}.DebugGame|Win64.ActiveCfg = BuiltWithUnrealBuildTool|Win32
		{8FECB42C-1611-49E5-8FA2-1F39017F3324}.DebugGame|Win64.Build.0 = BuiltWithUnrealBuildTool|Win32
		{8FECB42C-1611-49E5-8FA2-1F39017F3324}.Development Editor|HTML5.ActiveCfg = BuiltWithUnrealBuildTool|Win32
		{8FECB42C-1611-49E5-8FA2-1F39017F3324}.Development Editor|HTML5.Build.0 = BuiltWithUnrealBuildTool|Win32
		{8FECB42C-1611-49E5-8FA2-1F39017F3324}.Development Editor|Win32.ActiveCfg = BuiltWithUnrealBuildTool|Win32
		{8FECB42C-1611-49E5-8FA2-1F39017F3324}.Development Editor|Win32.Build.0 = BuiltWithUnrealBuildTool|Win32
		{8FECB42C-1611-49E5-8FA2-1F39017F3324}.Development Editor|Win64.ActiveCfg = BuiltWithUnrealBuildTool|Win32
		{8FECB42C-1611-49E5-8FA2-1F39017F3324}.Development Editor|Win64.Build.0 = BuiltWithUnrealBuildTool|Win32
		{8FECB42C-1611-49E5-8FA2-1F39017F3324}.Development|HTML5.ActiveCfg = BuiltWithUnrealBuildTool|Win32
		{8FECB42C-1611-49E5-8FA2-1F39017F3324}.Development|HTML5.Build.0 = BuiltWithUnrealBuildTool|Win32
		{8FECB42C-1611-49E5-8FA2-1F39017F3324}.Development|Win32.ActiveCfg = BuiltWithUnrealBuildTool|Win32
		{8FECB42C-1611-49E5-8FA2-1F39017F3324}.Development|Win32.Build.0 = BuiltWithUnrealBuildTool|Win32
		{8FECB42C-1611-49E5-8FA2-1F39017F3324}.Development|Win64.ActiveCfg = BuiltWithUnrealBuildTool|Win32
		{8FECB42C-1611-49E5-8FA2-1F39017F3324}.Development|Win64.Build.0 = BuiltWithUnrealBuildTool|Win32
		{8FECB42C-1611-49E5-8FA2-1F39017F3324}.Shipping|HTML5.ActiveCfg = BuiltWithUnrealBuildTool|Win32
		{8FECB42C-1611-49E5-8FA2-1F39017F3324}.Shipping|HTML5.Build.0 = BuiltWithUnrealBuildTool|Win32
		{8FECB42C-1611-49E5-8FA2-1F39017F3324}.Shipping|Win32.ActiveCfg = BuiltWithUnrealBuildTool|Win32
		{8FECB42C-1611-49E5-8FA2-1F39017F3324}.Shipping|Win32.Build.0 = BuiltWithUnrealBuildTool|Win32
		{8FECB42C-1611-49E5-8FA2-1F39017F3324}.Shipping|Win64.ActiveCfg = BuiltWithUnrealBuildTool|Win32
		{8FECB42C-1611-49E5-8FA2-1F39017F3324}.Shipping|Win64.Build.0 = BuiltWithUnrealBuildTool|Win32
		{F8B921A5-8541-4332-80E8-E5C9DD5EB61C}.DebugGame Editor|HTML5.ActiveCfg = HTML5_DebugGame_Editor|Win32
		{F8B921A5-8541-4332-80E8-E5C9DD5EB61C}.DebugGame Editor|Win32.ActiveCfg = DebugGame_Editor|Win32
		{F8B921A5-8541-4332-80E8-E5C9DD5EB61C}.DebugGame Editor|Win64.ActiveCfg = DebugGame_Editor|x64
		{F8B921A5-8541-4332-80E8-E5C9DD5EB61C}.DebugGame Editor|Win64.Build.0 = DebugGame_Editor|x64
		{F8B921A5-8541-4332-80E8-E5C9DD5EB61C}.DebugGame|HTML5.ActiveCfg = HTML5_DebugGame_Game|Win32
		{F8B921A5-8541-4332-80E8-E5C9DD5EB61C}.DebugGame|HTML5.Build.0 = HTML5_DebugGame_Game|Win32
		{F8B921A5-8541-4332-80E8-E5C9DD5EB61C}.DebugGame|Win32.ActiveCfg = DebugGame_Game|Win32
		{F8B921A5-8541-4332-80E8-E5C9DD5EB61C}.DebugGame|Win32.Build.0 = DebugGame_Game|Win32
		{F8B921A5-8541-4332-80E8-E5C9DD5EB61C}.DebugGame|Win64.ActiveCfg = DebugGame_Game|x64
		{F8B921A5-8541-4332-80E8-E5C9DD5EB61C}.DebugGame|Win64.Build.0 = DebugGame_Game|x64
		{F8B921A5-8541-4332-80E8-E5C9DD5EB61C}.Development Editor|HTML5.ActiveCfg = HTML5_Development_Editor|Win32
		{F8B921A5-8541-4332-80E8-E5C9DD5EB61C}.Development Editor|Win32.ActiveCfg = Development_Editor|Win32
		{F8B921A5-8541-4332-80E8-E5C9DD5EB61C}.Development Editor|Win64.ActiveCfg = Development_Editor|x64
		{F8B921A5-8541-4332-80E8-E5C9DD5EB61C}.Development Editor|Win64.Build.0 = Development_Editor|x64
		{F8B921A5-8541-4332-80E8-E5C9DD5EB61C}.Development|HTML5.ActiveCfg = HTML5_Development_Game|Win32
		{F8B921A5-8541-4332-80E8-E5C9DD5EB61C}.Development|HTML5.Build.0 = HTML5_Development_Game|Win32
		{F8B921A5-8541-4332-80E8-E5C9DD5EB61C}.Development|Win32.ActiveCfg = Development_Game|Win32
		{F8B921A5-8541-4332-80E8-E5C9DD5EB61C}.Development|Win32.Build.0 = Development_Game|Win32
		{F8B921A5-8541-4332-80E8-E5C9DD5EB61C}.Development|Win64.ActiveCfg = Development_Game|x64
		{F8B921A5-8541-4332-80E8-E5C9DD5EB61C}.Development|Win64.Build.0 = Development_Game|x64
		{F8B921A5-8541-4332-80E8-E5C9DD5EB61C}.Shipping|HTML5.ActiveCfg = HTML5_Shipping_Game|Win32
		{F8B921A5-8541-4332-80E8-E5C9DD5EB61C}.Shipping|HTML5.Build.0 = HTML5_Shipping_Game|Win32
		{F8B921A5-8541-4332-80E8-E5C9DD5EB61C}.Shipping|Win32.ActiveCfg = Shipping_Game|Win32
		{F8B921A5-8541-4332-80E8-E5C9DD5EB61C}.Shipping|Win32.Build.0 = Shipping_Game|Win32
		{F8B921A5-8541-4332-80E8-E5C9DD5EB61C}.Shipping|Win64.ActiveCfg = Shipping_Game|x64
		{F8B921A5-8541-4332-80E8-E5C9DD5EB61C}.Shipping|Win64.Build.0 = Shipping_Game|x64
	EndGlobalSection
	GlobalSection(SolutionProperties) = preSolution
		HideSolutionNode = FALSE
	EndGlobalSection
	GlobalSection(NestedProjects) = preSolution
		{8FECB42C-1611-49E5-8FA2-1F39017F3324} = {6C4FA795-8B0B-478B-BFD1-7B31413179FC}
		{F8B921A5-8541-4332-80E8-E5C9DD5EB61C} = {F41FE103-0891-41C1-8FEA-EF41C54D3DB4}
	EndGlobalSection
EndGlobal
